
Microsoft Visual Studio Solution File, Format Version 12.00
# Visual Studio Version 17
VisualStudioVersion = 17.0.31903.59
MinimumVisualStudioVersion = 10.0.40219.1
Project("{FAE04EC0-301F-11D3-BF4B-00C04F79EFBC}") = "AppLogger", "AppLogger\AppLogger.csproj", "{CC1FA4A7-1A14-4128-805C-9CEDC908B572}"
EndProject
Project("{FAE04EC0-301F-11D3-BF4B-00C04F79EFBC}") = "App", "App\App.csproj", "{B421D276-F5B0-4F9A-8B2E-DCDC75AC1368}"
EndProject
Global
	GlobalSection(SolutionConfigurationPlatforms) = preSolution
		Debug|Any CPU = Debug|Any CPU
		Release|Any CPU = Release|Any CPU
	EndGlobalSection
	GlobalSection(SolutionProperties) = preSolution
		HideSolutionNode = FALSE
	EndGlobalSection
	GlobalSection(ProjectConfigurationPlatforms) = postSolution
		{CC1FA4A7-1A14-4128-805C-9CEDC908B572}.Debug|Any CPU.ActiveCfg = Debug|Any CPU
		{CC1FA4A7-1A14-4128-805C-9CEDC908B572}.Debug|Any CPU.Build.0 = Debug|Any CPU
		{CC1FA4A7-1A14-4128-805C-9CEDC908B572}.Release|Any CPU.ActiveCfg = Release|Any CPU
		{CC1FA4A7-1A14-4128-805C-9CEDC908B572}.Release|Any CPU.Build.0 = Release|Any CPU
		{B421D276-F5B0-4F9A-8B2E-DCDC75AC1368}.Debug|Any CPU.ActiveCfg = Debug|Any CPU
		{B421D276-F5B0-4F9A-8B2E-DCDC75AC1368}.Debug|Any CPU.Build.0 = Debug|Any CPU
		{B421D276-F5B0-4F9A-8B2E-DCDC75AC1368}.Release|Any CPU.ActiveCfg = Release|Any CPU
		{B421D276-F5B0-4F9A-8B2E-DCDC75AC1368}.Release|Any CPU.Build.0 = Release|Any CPU
	EndGlobalSection
EndGlobal
