
Microsoft Visual Studio Solution File, Format Version 12.00
# Visual Studio Version 17
VisualStudioVersion = 17.0.31903.59
MinimumVisualStudioVersion = 10.0.40219.1
Project("{FAE04EC0-301F-11D3-BF4B-00C04F79EFBC}") = "AppLogger", "AppLogger\AppLogger.csproj", "{9CBEAEB8-9D47-489D-B4FF-FAAD66D9F778}"
EndProject
Project("{FAE04EC0-301F-11D3-BF4B-00C04F79EFBC}") = "App", "App\App.csproj", "{A529C7D5-769C-410A-90FB-C25EAD3D7C2F}"
EndProject
Global
	GlobalSection(SolutionConfigurationPlatforms) = preSolution
		Debug|Any CPU = Debug|Any CPU
		Release|Any CPU = Release|Any CPU
	EndGlobalSection
	GlobalSection(SolutionProperties) = preSolution
		HideSolutionNode = FALSE
	EndGlobalSection
	GlobalSection(ProjectConfigurationPlatforms) = postSolution
		{9CBEAEB8-9D47-489D-B4FF-FAAD66D9F778}.Debug|Any CPU.ActiveCfg = Debug|Any CPU
		{9CBEAEB8-9D47-489D-B4FF-FAAD66D9F778}.Debug|Any CPU.Build.0 = Debug|Any CPU
		{9CBEAEB8-9D47-489D-B4FF-FAAD66D9F778}.Release|Any CPU.ActiveCfg = Release|Any CPU
		{9CBEAEB8-9D47-489D-B4FF-FAAD66D9F778}.Release|Any CPU.Build.0 = Release|Any CPU
		{A529C7D5-769C-410A-90FB-C25EAD3D7C2F}.Debug|Any CPU.ActiveCfg = Debug|Any CPU
		{A529C7D5-769C-410A-90FB-C25EAD3D7C2F}.Debug|Any CPU.Build.0 = Debug|Any CPU
		{A529C7D5-769C-410A-90FB-C25EAD3D7C2F}.Release|Any CPU.ActiveCfg = Release|Any CPU
		{A529C7D5-769C-410A-90FB-C25EAD3D7C2F}.Release|Any CPU.Build.0 = Release|Any CPU
	EndGlobalSection
EndGlobal
